
Microsoft Visual Studio Solution File, Format Version 12.00
Project("{FAE04EC0-301F-11D3-BF4B-00C04F79EFBC}") = "SignalRAPI", "SignalRAPI\SignalRAPI.csproj", "{F1D8CB06-BB6C-4CA1-9E82-8B2D5213E587}"
EndProject
Project("{FAE04EC0-301F-11D3-BF4B-00C04F79EFBC}") = "SignalRWebUI", "SignalRWebUI\SignalRWebUI.csproj", "{218A8812-A178-45B4-8E53-016F2892ECA5}"
EndProject
Project("{FAE04EC0-301F-11D3-BF4B-00C04F79EFBC}") = "SignalR.Entity", "SignalR.Entity\SignalR.Entity.csproj", "{3C131F61-FD79-41BD-BCE6-C8BA42B48F17}"
EndProject
Global
	GlobalSection(SolutionConfigurationPlatforms) = preSolution
		Debug|Any CPU = Debug|Any CPU
		Release|Any CPU = Release|Any CPU
	EndGlobalSection
	GlobalSection(ProjectConfigurationPlatforms) = postSolution
		{F1D8CB06-BB6C-4CA1-9E82-8B2D5213E587}.Debug|Any CPU.ActiveCfg = Debug|Any CPU
		{F1D8CB06-BB6C-4CA1-9E82-8B2D5213E587}.Debug|Any CPU.Build.0 = Debug|Any CPU
		{F1D8CB06-BB6C-4CA1-9E82-8B2D5213E587}.Release|Any CPU.ActiveCfg = Release|Any CPU
		{F1D8CB06-BB6C-4CA1-9E82-8B2D5213E587}.Release|Any CPU.Build.0 = Release|Any CPU
		{218A8812-A178-45B4-8E53-016F2892ECA5}.Debug|Any CPU.ActiveCfg = Debug|Any CPU
		{218A8812-A178-45B4-8E53-016F2892ECA5}.Debug|Any CPU.Build.0 = Debug|Any CPU
		{218A8812-A178-45B4-8E53-016F2892ECA5}.Release|Any CPU.ActiveCfg = Release|Any CPU
		{218A8812-A178-45B4-8E53-016F2892ECA5}.Release|Any CPU.Build.0 = Release|Any CPU
		{3C131F61-FD79-41BD-BCE6-C8BA42B48F17}.Debug|Any CPU.ActiveCfg = Debug|Any CPU
		{3C131F61-FD79-41BD-BCE6-C8BA42B48F17}.Debug|Any CPU.Build.0 = Debug|Any CPU
		{3C131F61-FD79-41BD-BCE6-C8BA42B48F17}.Release|Any CPU.ActiveCfg = Release|Any CPU
		{3C131F61-FD79-41BD-BCE6-C8BA42B48F17}.Release|Any CPU.Build.0 = Release|Any CPU
	EndGlobalSection
EndGlobal
